
Microsoft Visual Studio Solution File, Format Version 12.00
# Visual Studio Version 16
VisualStudioVersion = 16.0.31624.102
MinimumVisualStudioVersion = 10.0.40219.1
Project("{8BC9CEB8-8B4A-11D0-8D11-00A0C91BC942}") = "v0.1 su atsitiktiniu skaiciu generavimu", "v0.1 su atsitiktiniu skaiciu generavimu\v0.1 su atsitiktiniu skaiciu generavimu.vcxproj", "{21036CC3-975C-4F7C-A694-C92DE9946A64}"
EndProject
Global
	GlobalSection(SolutionConfigurationPlatforms) = preSolution
		Debug|x64 = Debug|x64
		Debug|x86 = Debug|x86
		Release|x64 = Release|x64
		Release|x86 = Release|x86
	EndGlobalSection
	GlobalSection(ProjectConfigurationPlatforms) = postSolution
		{21036CC3-975C-4F7C-A694-C92DE9946A64}.Debug|x64.ActiveCfg = Debug|x64
		{21036CC3-975C-4F7C-A694-C92DE9946A64}.Debug|x64.Build.0 = Debug|x64
		{21036CC3-975C-4F7C-A694-C92DE9946A64}.Debug|x86.ActiveCfg = Debug|Win32
		{21036CC3-975C-4F7C-A694-C92DE9946A64}.Debug|x86.Build.0 = Debug|Win32
		{21036CC3-975C-4F7C-A694-C92DE9946A64}.Release|x64.ActiveCfg = Release|x64
		{21036CC3-975C-4F7C-A694-C92DE9946A64}.Release|x64.Build.0 = Release|x64
		{21036CC3-975C-4F7C-A694-C92DE9946A64}.Release|x86.ActiveCfg = Release|Win32
		{21036CC3-975C-4F7C-A694-C92DE9946A64}.Release|x86.Build.0 = Release|Win32
	EndGlobalSection
	GlobalSection(SolutionProperties) = preSolution
		HideSolutionNode = FALSE
	EndGlobalSection
	GlobalSection(ExtensibilityGlobals) = postSolution
		SolutionGuid = {2F386545-CB67-4A8D-A5F6-D7DD5AB8B161}
	EndGlobalSection
EndGlobal
