
Microsoft Visual Studio Solution File, Format Version 12.00
# Visual Studio Version 16
VisualStudioVersion = 16.0.31624.102
MinimumVisualStudioVersion = 10.0.40219.1
Project("{8BC9CEB8-8B4A-11D0-8D11-00A0C91BC942}") = "v0.1 su vidurkiu ir mediana", "v0.1 su vidurkiu ir mediana\v0.1 su vidurkiu ir mediana.vcxproj", "{B7BE4905-4412-4A2F-83D6-35EA87C45A05}"
EndProject
Global
	GlobalSection(SolutionConfigurationPlatforms) = preSolution
		Debug|x64 = Debug|x64
		Debug|x86 = Debug|x86
		Release|x64 = Release|x64
		Release|x86 = Release|x86
	EndGlobalSection
	GlobalSection(ProjectConfigurationPlatforms) = postSolution
		{B7BE4905-4412-4A2F-83D6-35EA87C45A05}.Debug|x64.ActiveCfg = Debug|x64
		{B7BE4905-4412-4A2F-83D6-35EA87C45A05}.Debug|x64.Build.0 = Debug|x64
		{B7BE4905-4412-4A2F-83D6-35EA87C45A05}.Debug|x86.ActiveCfg = Debug|Win32
		{B7BE4905-4412-4A2F-83D6-35EA87C45A05}.Debug|x86.Build.0 = Debug|Win32
		{B7BE4905-4412-4A2F-83D6-35EA87C45A05}.Release|x64.ActiveCfg = Release|x64
		{B7BE4905-4412-4A2F-83D6-35EA87C45A05}.Release|x64.Build.0 = Release|x64
		{B7BE4905-4412-4A2F-83D6-35EA87C45A05}.Release|x86.ActiveCfg = Release|Win32
		{B7BE4905-4412-4A2F-83D6-35EA87C45A05}.Release|x86.Build.0 = Release|Win32
	EndGlobalSection
	GlobalSection(SolutionProperties) = preSolution
		HideSolutionNode = FALSE
	EndGlobalSection
	GlobalSection(ExtensibilityGlobals) = postSolution
		SolutionGuid = {B1E4B59A-9DDC-4DD8-B9F1-FFDC66CFB444}
	EndGlobalSection
EndGlobal
